{
  "name": "task-api",
  "version": "1.0.0",
  "lockfileVersion": 3,
  "requires": true,
  "packages": {
    "": {
      "name": "task-api",
      "version": "1.0.0",
      "license": "ISC",
      "dependencies": {
        "moment": "^2.30.1",
        "zod": "^3.25.55"
      }
    },
    "node_modules/moment": {
      "version": "2.30.1",
      "resolved": "https://registry.npmjs.org/moment/-/moment-2.30.1.tgz",
      "integrity": "sha512-uEmtNhbDOrWPFS+hdjFCBfy9f2YoyzRpwcl+DqpC6taX21FzsTLQVbMV/W7PzNSX6x/bhC1zA3c2UQ5NzH6how==",
      "license": "MIT",
      "engines": {
        "node": "*"
      }
    },
    "node_modules/zod": {
      "version": "3.25.55",
      "resolved": "https://registry.npmjs.org/zod/-/zod-3.25.55.tgz",
      "integrity": "sha512-219huNnkSLQnLsQ3uaRjXsxMrVm5C9W3OOpEVt2k5tvMKuA8nBSu38e0B//a+he9Iq2dvmk2VyYVlHqiHa4YBA==",
      "license": "MIT",
      "funding": {
        "url": "https://github.com/sponsors/colinhacks"
      }
    }
  }
}
